
Microsoft Visual Studio Solution File, Format Version 11.00
# Visual Studio 2010
Project("{FAE04EC0-301F-11D3-BF4B-00C04F79EFBC}") = "SqrlNet", "SqrlNet\SqrlNet.csproj", "{B4C916F0-7A49-4858-B2D6-DAE958790635}"
EndProject
Project("{FAE04EC0-301F-11D3-BF4B-00C04F79EFBC}") = "SqrlNetTests", "SqrlNetTests\SqrlNetTests.csproj", "{E63F3D25-4D4F-42E7-A7B2-98A83F97B834}"
EndProject
Project("{FAE04EC0-301F-11D3-BF4B-00C04F79EFBC}") = "CryptSharp", "cryptsharp\CryptSharp\CryptSharp.csproj", "{5E33051D-1471-4E5A-B94E-BD0E8FFFF99E}"
EndProject
Project("{FAE04EC0-301F-11D3-BF4B-00C04F79EFBC}") = "libsodium-net", "libsodium-net\libsodium-net\libsodium-net.csproj", "{48C1DF3F-2E09-4088-89B2-6E1B058E3100}"
EndProject
Project("{FAE04EC0-301F-11D3-BF4B-00C04F79EFBC}") = "SqrlNetExample", "SqrlNetExample\SqrlNetExample.csproj", "{B477657B-1B44-407E-A6B9-280074F70704}"
EndProject
Project("{FAE04EC0-301F-11D3-BF4B-00C04F79EFBC}") = "libsodium-net-tests", "libsodium-net-tests\libsodium-net-tests.csproj", "{4A168610-7001-4FBE-AECE-2628B5749F6B}"
EndProject
Project("{FAE04EC0-301F-11D3-BF4B-00C04F79EFBC}") = "SqrlGtk", "SqrlGtk\SqrlGtk.csproj", "{65EF599F-BF87-4CBA-81CF-FBB0ADDEE9C9}"
EndProject
Global
	GlobalSection(SolutionConfigurationPlatforms) = preSolution
		Debug|Any CPU = Debug|Any CPU
		Release|Any CPU = Release|Any CPU
		Default|Any CPU = Default|Any CPU
	EndGlobalSection
	GlobalSection(ProjectConfigurationPlatforms) = postSolution
		{48C1DF3F-2E09-4088-89B2-6E1B058E3100}.Debug|Any CPU.ActiveCfg = Debug|Any CPU
		{48C1DF3F-2E09-4088-89B2-6E1B058E3100}.Debug|Any CPU.Build.0 = Debug|Any CPU
		{48C1DF3F-2E09-4088-89B2-6E1B058E3100}.Default|Any CPU.ActiveCfg = Debug|Any CPU
		{48C1DF3F-2E09-4088-89B2-6E1B058E3100}.Default|Any CPU.Build.0 = Debug|Any CPU
		{48C1DF3F-2E09-4088-89B2-6E1B058E3100}.Release|Any CPU.ActiveCfg = Release|Any CPU
		{48C1DF3F-2E09-4088-89B2-6E1B058E3100}.Release|Any CPU.Build.0 = Release|Any CPU
		{4A168610-7001-4FBE-AECE-2628B5749F6B}.Debug|Any CPU.ActiveCfg = Debug|Any CPU
		{4A168610-7001-4FBE-AECE-2628B5749F6B}.Debug|Any CPU.Build.0 = Debug|Any CPU
		{4A168610-7001-4FBE-AECE-2628B5749F6B}.Default|Any CPU.ActiveCfg = Debug|Any CPU
		{4A168610-7001-4FBE-AECE-2628B5749F6B}.Default|Any CPU.Build.0 = Debug|Any CPU
		{4A168610-7001-4FBE-AECE-2628B5749F6B}.Release|Any CPU.ActiveCfg = Release|Any CPU
		{4A168610-7001-4FBE-AECE-2628B5749F6B}.Release|Any CPU.Build.0 = Release|Any CPU
		{5E33051D-1471-4E5A-B94E-BD0E8FFFF99E}.Debug|Any CPU.ActiveCfg = Debug|Any CPU
		{5E33051D-1471-4E5A-B94E-BD0E8FFFF99E}.Debug|Any CPU.Build.0 = Debug|Any CPU
		{5E33051D-1471-4E5A-B94E-BD0E8FFFF99E}.Default|Any CPU.ActiveCfg = Debug|Any CPU
		{5E33051D-1471-4E5A-B94E-BD0E8FFFF99E}.Default|Any CPU.Build.0 = Debug|Any CPU
		{5E33051D-1471-4E5A-B94E-BD0E8FFFF99E}.Release|Any CPU.ActiveCfg = Release|Any CPU
		{5E33051D-1471-4E5A-B94E-BD0E8FFFF99E}.Release|Any CPU.Build.0 = Release|Any CPU
		{65EF599F-BF87-4CBA-81CF-FBB0ADDEE9C9}.Debug|Any CPU.ActiveCfg = Debug|Any CPU
		{65EF599F-BF87-4CBA-81CF-FBB0ADDEE9C9}.Debug|Any CPU.Build.0 = Debug|Any CPU
		{65EF599F-BF87-4CBA-81CF-FBB0ADDEE9C9}.Default|Any CPU.ActiveCfg = Debug|Any CPU
		{65EF599F-BF87-4CBA-81CF-FBB0ADDEE9C9}.Default|Any CPU.Build.0 = Debug|Any CPU
		{65EF599F-BF87-4CBA-81CF-FBB0ADDEE9C9}.Release|Any CPU.ActiveCfg = Release|Any CPU
		{65EF599F-BF87-4CBA-81CF-FBB0ADDEE9C9}.Release|Any CPU.Build.0 = Release|Any CPU
		{B477657B-1B44-407E-A6B9-280074F70704}.Debug|Any CPU.ActiveCfg = Debug|Any CPU
		{B477657B-1B44-407E-A6B9-280074F70704}.Debug|Any CPU.Build.0 = Debug|Any CPU
		{B477657B-1B44-407E-A6B9-280074F70704}.Default|Any CPU.ActiveCfg = Debug|Any CPU
		{B477657B-1B44-407E-A6B9-280074F70704}.Default|Any CPU.Build.0 = Debug|Any CPU
		{B477657B-1B44-407E-A6B9-280074F70704}.Release|Any CPU.ActiveCfg = Release|Any CPU
		{B477657B-1B44-407E-A6B9-280074F70704}.Release|Any CPU.Build.0 = Release|Any CPU
		{B4C916F0-7A49-4858-B2D6-DAE958790635}.Debug|Any CPU.ActiveCfg = Debug|Any CPU
		{B4C916F0-7A49-4858-B2D6-DAE958790635}.Debug|Any CPU.Build.0 = Debug|Any CPU
		{B4C916F0-7A49-4858-B2D6-DAE958790635}.Release|Any CPU.ActiveCfg = Release|Any CPU
		{B4C916F0-7A49-4858-B2D6-DAE958790635}.Release|Any CPU.Build.0 = Release|Any CPU
		{E63F3D25-4D4F-42E7-A7B2-98A83F97B834}.Debug|Any CPU.ActiveCfg = Debug|Any CPU
		{E63F3D25-4D4F-42E7-A7B2-98A83F97B834}.Debug|Any CPU.Build.0 = Debug|Any CPU
		{E63F3D25-4D4F-42E7-A7B2-98A83F97B834}.Default|Any CPU.ActiveCfg = Debug|Any CPU
		{E63F3D25-4D4F-42E7-A7B2-98A83F97B834}.Default|Any CPU.Build.0 = Debug|Any CPU
		{E63F3D25-4D4F-42E7-A7B2-98A83F97B834}.Release|Any CPU.ActiveCfg = Release|Any CPU
		{E63F3D25-4D4F-42E7-A7B2-98A83F97B834}.Release|Any CPU.Build.0 = Release|Any CPU
	EndGlobalSection
	GlobalSection(MonoDevelopProperties) = preSolution
		StartupItem = SqrlGtk\SqrlGtk.csproj
	EndGlobalSection
EndGlobal
